<?xml version="1.0" encoding="utf-8"?>
<Project ToolsVersion="4.0" xmlns="http://schemas.microsoft.com/developer/msbuild/2003">
  <ItemGroup>
    <Filter Include="Source Files">
      <UniqueIdentifier>{4ff05804-531e-4349-b00c-2be32027e721}</UniqueIdentifier>
      <Extensions>cpp;c;cxx;rc;def;r;odl;idl;hpj;bat</Extensions>
    </Filter>
    <Filter Include="Header Files">
      <UniqueIdentifier>{ed8fa257-2203-4385-aa98-299a1d62e59c}</UniqueIdentifier>
      <Extensions>h;hpp;hxx;hm;inl</Extensions>
    </Filter>
    <Filter Include="Resource Files">
      <UniqueIdentifier>{0549fc1e-e2ea-45e2-ae39-fc70442e9f73}</UniqueIdentifier>
      <Extensions>ico;cur;bmp;dlg;rc2;rct;bin;rgs;gif;jpg;jpeg;jpe</Extensions>
    </Filter>
  </ItemGroup>
  <ItemGroup>
    <ClCompile Include="..\src\audio.cpp">
      <Filter>Source Files</Filter>
    </ClCompile>
    <ClCompile Include="..\src\ekho_dict.cpp">
      <Filter>Source Files</Filter>
    </ClCompile>
    <ClCompile Include="..\src\number.cpp">
      <Filter>Source Files</Filter>
    </ClCompile>
    <ClCompile Include="..\src\phonetic_symbol.cpp">
      <Filter>Source Files</Filter>
    </ClCompile>
    <ClCompile Include="..\sonic\sonic.c">
      <Filter>Source Files</Filter>
    </ClCompile>
    <ClCompile Include="..\src\ssml.cpp">
      <Filter>Source Files</Filter>
    </ClCompile>
    <ClCompile Include="..\src\symbol_array.cpp">
      <Filter>Source Files</Filter>
    </ClCompile>
    <ClCompile Include="TtsEng.cpp">
      <Filter>Source Files</Filter>
    </ClCompile>
    <ClCompile Include="TtsEngObj.cpp">
      <Filter>Source Files</Filter>
    </ClCompile>
    <ClCompile Include="..\src\zh_symbol_map.cpp">
      <Filter>Source Files</Filter>
    </ClCompile>
    <ClCompile Include="..\src\zhy_symbol_map.cpp">
      <Filter>Source Files</Filter>
    </ClCompile>
  </ItemGroup>
  <ItemGroup>
    <None Include="TtsEng.def">
      <Filter>Source Files</Filter>
    </None>
    <None Include="TtsEngObj.rgs">
      <Filter>Resource Files</Filter>
    </None>
  </ItemGroup>
  <ItemGroup>
    <Midl Include="TtsEng.idl">
      <Filter>Source Files</Filter>
    </Midl>
  </ItemGroup>
  <ItemGroup>
    <ResourceCompile Include="TtsEng.rc">
      <Filter>Source Files</Filter>
    </ResourceCompile>
  </ItemGroup>
  <ItemGroup>
    <ClInclude Include="..\src\audio.h">
      <Filter>Header Files</Filter>
    </ClInclude>
    <ClInclude Include="..\src\character.h">
      <Filter>Header Files</Filter>
    </ClInclude>
    <ClInclude Include="config.h">
      <Filter>Header Files</Filter>
    </ClInclude>
    <ClInclude Include="dirent.h">
      <Filter>Header Files</Filter>
    </ClInclude>
    <ClInclude Include="..\src\ekho_dict.h">
      <Filter>Header Files</Filter>
    </ClInclude>
    <ClInclude Include="..\src\ekho_typedef.h">
      <Filter>Header Files</Filter>
    </ClInclude>
    <ClInclude Include="..\src\phonetic_symbol.h">
      <Filter>Header Files</Filter>
    </ClInclude>
    <ClInclude Include="Resource.h">
      <Filter>Header Files</Filter>
    </ClInclude>
    <ClInclude Include="..\sonic\sonic.h">
      <Filter>Header Files</Filter>
    </ClInclude>
    <ClInclude Include="..\src\ssml.h">
      <Filter>Header Files</Filter>
    </ClInclude>
    <ClInclude Include="StdAfx.h">
      <Filter>Header Files</Filter>
    </ClInclude>
    <ClInclude Include="TtsEngObj.h">
      <Filter>Header Files</Filter>
    </ClInclude>
    <ClInclude Include="..\src\zh_symbol_map.h">
      <Filter>Header Files</Filter>
    </ClInclude>
    <ClInclude Include="..\src\zhy_symbol_map.h">
      <Filter>Header Files</Filter>
    </ClInclude>
    <ClInclude Include="include\espeak-ng\speak_lib.h">
      <Filter>Header Files</Filter>
    </ClInclude>
  </ItemGroup>
</Project>